// !$*UTF8*$!
{
	archiveVersion = 1;
	classes = {
	};
	objectVersion = 46;
	objects = {

/* Begin PBXBuildFile section */
		21055DD31E39CE92004D5775 /* main.cpp in Sources */ = {isa = PBXBuildFile; fileRef = 21055DD21E39CE92004D5775 /* main.cpp */; };
		21055DDB1E39D180004D5775 /* Sequence.cpp in Sources */ = {isa = PBXBuildFile; fileRef = 21055DDA1E39D180004D5775 /* Sequence.cpp */; };
/* End PBXBuildFile section */

/* Begin PBXCopyFilesBuildPhase section */
		21055DCD1E39CE92004D5775 /* CopyFiles */ = {
			isa = PBXCopyFilesBuildPhase;
			buildActionMask = 2147483647;
			dstPath = /usr/share/man/man1/;
			dstSubfolderSpec = 0;
			files = (
			);
			runOnlyForDeploymentPostprocessing = 1;
		};
/* End PBXCopyFilesBuildPhase section */

/* Begin PBXFileReference section */
		21055DCF1E39CE92004D5775 /* Project_2 */ = {isa = PBXFileReference; explicitFileType = "compiled.mach-o.executable"; includeInIndex = 0; path = Project_2; sourceTree = BUILT_PRODUCTS_DIR; };
		21055DD21E39CE92004D5775 /* main.cpp */ = {isa = PBXFileReference; lastKnownFileType = sourcecode.cpp.cpp; path = main.cpp; sourceTree = "<group>"; };
		21055DD91E39CECE004D5775 /* Sequence.h */ = {isa = PBXFileReference; lastKnownFileType = sourcecode.c.h; path = Sequence.h; sourceTree = "<group>"; };
		21055DDA1E39D180004D5775 /* Sequence.cpp */ = {isa = PBXFileReference; fileEncoding = 4; lastKnownFileType = sourcecode.cpp.cpp; path = Sequence.cpp; sourceTree = "<group>"; };
/* End PBXFileReference section */

/* Begin PBXFrameworksBuildPhase section */
		21055DCC1E39CE92004D5775 /* Frameworks */ = {
			isa = PBXFrameworksBuildPhase;
			buildActionMask = 2147483647;
			files = (
			);
			runOnlyForDeploymentPostprocessing = 0;
		};
/* End PBXFrameworksBuildPhase section */

/* Begin PBXGroup section */
		21055DC61E39CE92004D5775 = {
			isa = PBXGroup;
			children = (
				21055DD11E39CE92004D5775 /* Project_2 */,
				21055DD01E39CE92004D5775 /* Products */,
			);
			sourceTree = "<group>";
		};
		21055DD01E39CE92004D5775 /* Products */ = {
			isa = PBXGroup;
			children = (
				21055DCF1E39CE92004D5775 /* Project_2 */,
			);
			name = Products;
			sourceTree = "<group>";
		};
		21055DD11E39CE92004D5775 /* Project_2 */ = {
			isa = PBXGroup;
			children = (
				21055DD21E39CE92004D5775 /* main.cpp */,
				21055DD91E39CECE004D5775 /* Sequence.h */,
				21055DDA1E39D180004D5775 /* Sequence.cpp */,
			);
			path = Project_2;
			sourceTree = "<group>";
		};
/* End PBXGroup section */

/* Begin PBXNativeTarget section */
		21055DCE1E39CE92004D5775 /* Project_2 */ = {
			isa = PBXNativeTarget;
			buildConfigurationList = 21055DD61E39CE92004D5775 /* Build configuration list for PBXNativeTarget "Project_2" */;
			buildPhases = (
				21055DCB1E39CE92004D5775 /* Sources */,
				21055DCC1E39CE92004D5775 /* Frameworks */,
				21055DCD1E39CE92004D5775 /* CopyFiles */,
			);
			buildRules = (
			);
			dependencies = (
			);
			name = Project_2;
			productName = Project_2;
			productReference = 21055DCF1E39CE92004D5775 /* Project_2 */;
			productType = "com.apple.product-type.tool";
		};
/* End PBXNativeTarget section */

/* Begin PBXProject section */
		21055DC71E39CE92004D5775 /* Project object */ = {
			isa = PBXProject;
			attributes = {
				LastUpgradeCheck = 0710;
				ORGANIZATIONNAME = "Runjia Li";
				TargetAttributes = {
					21055DCE1E39CE92004D5775 = {
						CreatedOnToolsVersion = 7.1.1;
					};
				};
			};
			buildConfigurationList = 21055DCA1E39CE92004D5775 /* Build configuration list for PBXProject "Project_2" */;
			compatibilityVersion = "Xcode 3.2";
			developmentRegion = English;
			hasScannedForEncodings = 0;
			knownRegions = (
				en,
			);
			mainGroup = 21055DC61E39CE92004D5775;
			productRefGroup = 21055DD01E39CE92004D5775 /* Products */;
			projectDirPath = "";
			projectRoot = "";
			targets = (
				21055DCE1E39CE92004D5775 /* Project_2 */,
			);
		};
/* End PBXProject section */

/* Begin PBXSourcesBuildPhase section */
		21055DCB1E39CE92004D5775 /* Sources */ = {
			isa = PBXSourcesBuildPhase;
			buildActionMask = 2147483647;
			files = (
				21055DDB1E39D180004D5775 /* Sequence.cpp in Sources */,
				21055DD31E39CE92004D5775 /* main.cpp in Sources */,
			);
			runOnlyForDeploymentPostprocessing = 0;
		};
/* End PBXSourcesBuildPhase section */

/* Begin XCBuildConfiguration section */
		21055DD41E39CE92004D5775 /* Debug */ = {
			isa = XCBuildConfiguration;
			buildSettings = {
				ALWAYS_SEARCH_USER_PATHS = NO;
				CLANG_CXX_LANGUAGE_STANDARD = "gnu++0x";
				CLANG_CXX_LIBRARY = "libc++";
				CLANG_ENABLE_MODULES = YES;
				CLANG_ENABLE_OBJC_ARC = YES;
				CLANG_WARN_BOOL_CONVERSION = YES;
				CLANG_WARN_CONSTANT_CONVERSION = YES;
				CLANG_WARN_DIRECT_OBJC_ISA_USAGE = YES_ERROR;
				CLANG_WARN_EMPTY_BODY = YES;
				CLANG_WARN_ENUM_CONVERSION = YES;
				CLANG_WARN_INT_CONVERSION = YES;
				CLANG_WARN_OBJC_ROOT_CLASS = YES_ERROR;
				CLANG_WARN_UNREACHABLE_CODE = YES;
				CLANG_WARN__DUPLICATE_METHOD_MATCH = YES;
				CODE_SIGN_IDENTITY = "-";
				COPY_PHASE_STRIP = NO;
				DEBUG_INFORMATION_FORMAT = dwarf;
				ENABLE_STRICT_OBJC_MSGSEND = YES;
				ENABLE_TESTABILITY = YES;
				GCC_C_LANGUAGE_STANDARD = gnu99;
				GCC_DYNAMIC_NO_PIC = NO;
				GCC_NO_COMMON_BLOCKS = YES;
				GCC_OPTIMIZATION_LEVEL = 0;
				GCC_PREPROCESSOR_DEFINITIONS = (
					"DEBUG=1",
					"$(inherited)",
				);
				GCC_WARN_64_TO_32_BIT_CONVERSION = YES;
				GCC_WARN_ABOUT_RETURN_TYPE = YES_ERROR;
				GCC_WARN_UNDECLARED_SELECTOR = YES;
				GCC_WARN_UNINITIALIZED_AUTOS = YES_AGGRESSIVE;
				GCC_WARN_UNUSED_FUNCTION = YES;
				GCC_WARN_UNUSED_VARIABLE = YES;
				MACOSX_DEPLOYMENT_TARGET = 10.11;
				MTL_ENABLE_DEBUG_INFO = YES;
				ONLY_ACTIVE_ARCH = YES;
				SDKROOT = macosx;
			};
			name = Debug;
		};
		21055DD51E39CE92004D5775 /* Release */ = {
			isa = XCBuildConfiguration;
			buildSettings = {
				ALWAYS_SEARCH_USER_PATHS = NO;
				CLANG_CXX_LANGUAGE_STANDARD = "gnu++0x";
				CLANG_CXX_LIBRARY = "libc++";
				CLANG_ENABLE_MODULES = YES;
				CLANG_ENABLE_OBJC_ARC = YES;
				CLANG_WARN_BOOL_CONVERSION = YES;
				CLANG_WARN_CONSTANT_CONVERSION = YES;
				CLANG_WARN_DIRECT_OBJC_ISA_USAGE = YES_ERROR;
				CLANG_WARN_EMPTY_BODY = YES;
				CLANG_WARN_ENUM_CONVERSION = YES;
				CLANG_WARN_INT_CONVERSION = YES;
				CLANG_WARN_OBJC_ROOT_CLASS = YES_ERROR;
				CLANG_WARN_UNREACHABLE_CODE = YES;
				CLANG_WARN__DUPLICATE_METHOD_MATCH = YES;
				CODE_SIGN_IDENTITY = "-";
				COPY_PHASE_STRIP = NO;
				DEBUG_INFORMATION_FORMAT = "dwarf-with-dsym";
				ENABLE_NS_ASSERTIONS = NO;
				ENABLE_STRICT_OBJC_MSGSEND = YES;
				GCC_C_LANGUAGE_STANDARD = gnu99;
				GCC_NO_COMMON_BLOCKS = YES;
				GCC_WARN_64_TO_32_BIT_CONVERSION = YES;
				GCC_WARN_ABOUT_RETURN_TYPE = YES_ERROR;
				GCC_WARN_UNDECLARED_SELECTOR = YES;
				GCC_WARN_UNINITIALIZED_AUTOS = YES_AGGRESSIVE;
				GCC_WARN_UNUSED_FUNCTION = YES;
				GCC_WARN_UNUSED_VARIABLE = YES;
				MACOSX_DEPLOYMENT_TARGET = 10.11;
				MTL_ENABLE_DEBUG_INFO = NO;
				SDKROOT = macosx;
			};
			name = Release;
		};
		21055DD71E39CE92004D5775 /* Debug */ = {
			isa = XCBuildConfiguration;
			buildSettings = {
				PRODUCT_NAME = "$(TARGET_NAME)";
			};
			name = Debug;
		};
		21055DD81E39CE92004D5775 /* Release */ = {
			isa = XCBuildConfiguration;
			buildSettings = {
				PRODUCT_NAME = "$(TARGET_NAME)";
			};
			name = Release;
		};
/* End XCBuildConfiguration section */

/* Begin XCConfigurationList section */
		21055DCA1E39CE92004D5775 /* Build configuration list for PBXProject "Project_2" */ = {
			isa = XCConfigurationList;
			buildConfigurations = (
				21055DD41E39CE92004D5775 /* Debug */,
				21055DD51E39CE92004D5775 /* Release */,
			);
			defaultConfigurationIsVisible = 0;
			defaultConfigurationName = Release;
		};
		21055DD61E39CE92004D5775 /* Build configuration list for PBXNativeTarget "Project_2" */ = {
			isa = XCConfigurationList;
			buildConfigurations = (
				21055DD71E39CE92004D5775 /* Debug */,
				21055DD81E39CE92004D5775 /* Release */,
			);
			defaultConfigurationIsVisible = 0;
		};
/* End XCConfigurationList section */
	};
	rootObject = 21055DC71E39CE92004D5775 /* Project object */;
}
